// !$*UTF8*$!
{
	archiveVersion = 1;
	classes = {
	};
	objectVersion = 56;
	objects = {

/* Begin PBXBuildFile section */
		4F5580502B45614B007F1738 /* AppDelegate.swift in Sources */ = {isa = PBXBuildFile; fileRef = 4F55804F2B45614B007F1738 /* AppDelegate.swift */; };
		4F5580522B45614B007F1738 /* SceneDelegate.swift in Sources */ = {isa = PBXBuildFile; fileRef = 4F5580512B45614B007F1738 /* SceneDelegate.swift */; };
		4F5580592B45614D007F1738 /* Assets.xcassets in Resources */ = {isa = PBXBuildFile; fileRef = 4F5580582B45614D007F1738 /* Assets.xcassets */; };
		4F55805C2B45614D007F1738 /* LaunchScreen.storyboard in Resources */ = {isa = PBXBuildFile; fileRef = 4F55805A2B45614D007F1738 /* LaunchScreen.storyboard */; };
		4F5580662B46C62B007F1738 /* SearchVC.swift in Sources */ = {isa = PBXBuildFile; fileRef = 4F5580652B46C62B007F1738 /* SearchVC.swift */; };
		4F5580682B46C66E007F1738 /* FavoriteListVC.swift in Sources */ = {isa = PBXBuildFile; fileRef = 4F5580672B46C66E007F1738 /* FavoriteListVC.swift */; };
		4F55806A2B48180D007F1738 /* GFButton.swift in Sources */ = {isa = PBXBuildFile; fileRef = 4F5580692B48180D007F1738 /* GFButton.swift */; };
		4F55806C2B4D4D77007F1738 /* GFTextField.swift in Sources */ = {isa = PBXBuildFile; fileRef = 4F55806B2B4D4D77007F1738 /* GFTextField.swift */; };
		4F55806E2B4EAAC2007F1738 /* FollowerListVC.swift in Sources */ = {isa = PBXBuildFile; fileRef = 4F55806D2B4EAAC2007F1738 /* FollowerListVC.swift */; };
		4F5580702B4F4A72007F1738 /* GFTitleLabel.swift in Sources */ = {isa = PBXBuildFile; fileRef = 4F55806F2B4F4A72007F1738 /* GFTitleLabel.swift */; };
		4F5580722B4F4C40007F1738 /* GFBodyLabel.swift in Sources */ = {isa = PBXBuildFile; fileRef = 4F5580712B4F4C40007F1738 /* GFBodyLabel.swift */; };
		4F5580742B4F4D0A007F1738 /* GFAlertVC.swift in Sources */ = {isa = PBXBuildFile; fileRef = 4F5580732B4F4D0A007F1738 /* GFAlertVC.swift */; };
		4F5580762B4F5329007F1738 /* UIViewController+Ext.swift in Sources */ = {isa = PBXBuildFile; fileRef = 4F5580752B4F5329007F1738 /* UIViewController+Ext.swift */; };
		4F55807D2B4F7A10007F1738 /* Follower.swift in Sources */ = {isa = PBXBuildFile; fileRef = 4F55807C2B4F7A10007F1738 /* Follower.swift */; };
		4F55807F2B4F7BB3007F1738 /* User.swift in Sources */ = {isa = PBXBuildFile; fileRef = 4F55807E2B4F7BB3007F1738 /* User.swift */; };
		4F5580812B4FEB0C007F1738 /* NetworkManager.swift in Sources */ = {isa = PBXBuildFile; fileRef = 4F5580802B4FEB0C007F1738 /* NetworkManager.swift */; };
		4F5580882B50D2DC007F1738 /* FollowerCell.swift in Sources */ = {isa = PBXBuildFile; fileRef = 4F5580872B50D2DC007F1738 /* FollowerCell.swift */; };
		4F55808A2B50D380007F1738 /* GFAvatarImageView.swift in Sources */ = {isa = PBXBuildFile; fileRef = 4F5580892B50D380007F1738 /* GFAvatarImageView.swift */; };
		4F55808C2B52CD9A007F1738 /* UIHelper.swift in Sources */ = {isa = PBXBuildFile; fileRef = 4F55808B2B52CD9A007F1738 /* UIHelper.swift */; };
		4F5580942B5326A5007F1738 /* GFEmptyStateView.swift in Sources */ = {isa = PBXBuildFile; fileRef = 4F5580932B5326A5007F1738 /* GFEmptyStateView.swift */; };
		4F5580962B533C5D007F1738 /* UserInfoVC.swift in Sources */ = {isa = PBXBuildFile; fileRef = 4F5580952B533C5D007F1738 /* UserInfoVC.swift */; };
		4F5580982B545B62007F1738 /* GFError.swift in Sources */ = {isa = PBXBuildFile; fileRef = 4F5580972B545B62007F1738 /* GFError.swift */; };
		4F55809A2B545EFB007F1738 /* GFUserInfoHeaderVC.swift in Sources */ = {isa = PBXBuildFile; fileRef = 4F5580992B545EFB007F1738 /* GFUserInfoHeaderVC.swift */; };
		4F55809C2B545F5E007F1738 /* GFSecondaryTitleLabel.swift in Sources */ = {isa = PBXBuildFile; fileRef = 4F55809B2B545F5E007F1738 /* GFSecondaryTitleLabel.swift */; };
		4F55809E2B547115007F1738 /* Constants.swift in Sources */ = {isa = PBXBuildFile; fileRef = 4F55809D2B547115007F1738 /* Constants.swift */; };
		4F5580A02B5480E3007F1738 /* GFItemInfoView.swift in Sources */ = {isa = PBXBuildFile; fileRef = 4F55809F2B5480E3007F1738 /* GFItemInfoView.swift */; };
/* End PBXBuildFile section */

/* Begin PBXFileReference section */
		4F55804C2B45614B007F1738 /* GHFollowers.app */ = {isa = PBXFileReference; explicitFileType = wrapper.application; includeInIndex = 0; path = GHFollowers.app; sourceTree = BUILT_PRODUCTS_DIR; };
		4F55804F2B45614B007F1738 /* AppDelegate.swift */ = {isa = PBXFileReference; lastKnownFileType = sourcecode.swift; path = AppDelegate.swift; sourceTree = "<group>"; };
		4F5580512B45614B007F1738 /* SceneDelegate.swift */ = {isa = PBXFileReference; lastKnownFileType = sourcecode.swift; path = SceneDelegate.swift; sourceTree = "<group>"; };
		4F5580582B45614D007F1738 /* Assets.xcassets */ = {isa = PBXFileReference; lastKnownFileType = folder.assetcatalog; path = Assets.xcassets; sourceTree = "<group>"; };
		4F55805B2B45614D007F1738 /* Base */ = {isa = PBXFileReference; lastKnownFileType = file.storyboard; name = Base; path = Base.lproj/LaunchScreen.storyboard; sourceTree = "<group>"; };
		4F55805D2B45614D007F1738 /* Info.plist */ = {isa = PBXFileReference; lastKnownFileType = text.plist.xml; path = Info.plist; sourceTree = "<group>"; };
		4F5580652B46C62B007F1738 /* SearchVC.swift */ = {isa = PBXFileReference; lastKnownFileType = sourcecode.swift; path = SearchVC.swift; sourceTree = "<group>"; };
		4F5580672B46C66E007F1738 /* FavoriteListVC.swift */ = {isa = PBXFileReference; lastKnownFileType = sourcecode.swift; path = FavoriteListVC.swift; sourceTree = "<group>"; };
		4F5580692B48180D007F1738 /* GFButton.swift */ = {isa = PBXFileReference; lastKnownFileType = sourcecode.swift; path = GFButton.swift; sourceTree = "<group>"; };
		4F55806B2B4D4D77007F1738 /* GFTextField.swift */ = {isa = PBXFileReference; lastKnownFileType = sourcecode.swift; path = GFTextField.swift; sourceTree = "<group>"; };
		4F55806D2B4EAAC2007F1738 /* FollowerListVC.swift */ = {isa = PBXFileReference; lastKnownFileType = sourcecode.swift; path = FollowerListVC.swift; sourceTree = "<group>"; };
		4F55806F2B4F4A72007F1738 /* GFTitleLabel.swift */ = {isa = PBXFileReference; lastKnownFileType = sourcecode.swift; path = GFTitleLabel.swift; sourceTree = "<group>"; };
		4F5580712B4F4C40007F1738 /* GFBodyLabel.swift */ = {isa = PBXFileReference; lastKnownFileType = sourcecode.swift; path = GFBodyLabel.swift; sourceTree = "<group>"; };
		4F5580732B4F4D0A007F1738 /* GFAlertVC.swift */ = {isa = PBXFileReference; lastKnownFileType = sourcecode.swift; path = GFAlertVC.swift; sourceTree = "<group>"; };
		4F5580752B4F5329007F1738 /* UIViewController+Ext.swift */ = {isa = PBXFileReference; lastKnownFileType = sourcecode.swift; path = "UIViewController+Ext.swift"; sourceTree = "<group>"; };
		4F55807C2B4F7A10007F1738 /* Follower.swift */ = {isa = PBXFileReference; lastKnownFileType = sourcecode.swift; path = Follower.swift; sourceTree = "<group>"; };
		4F55807E2B4F7BB3007F1738 /* User.swift */ = {isa = PBXFileReference; lastKnownFileType = sourcecode.swift; path = User.swift; sourceTree = "<group>"; };
		4F5580802B4FEB0C007F1738 /* NetworkManager.swift */ = {isa = PBXFileReference; lastKnownFileType = sourcecode.swift; path = NetworkManager.swift; sourceTree = "<group>"; };
		4F5580872B50D2DC007F1738 /* FollowerCell.swift */ = {isa = PBXFileReference; lastKnownFileType = sourcecode.swift; path = FollowerCell.swift; sourceTree = "<group>"; };
		4F5580892B50D380007F1738 /* GFAvatarImageView.swift */ = {isa = PBXFileReference; lastKnownFileType = sourcecode.swift; path = GFAvatarImageView.swift; sourceTree = "<group>"; };
		4F55808B2B52CD9A007F1738 /* UIHelper.swift */ = {isa = PBXFileReference; lastKnownFileType = sourcecode.swift; path = UIHelper.swift; sourceTree = "<group>"; };
		4F5580932B5326A5007F1738 /* GFEmptyStateView.swift */ = {isa = PBXFileReference; lastKnownFileType = sourcecode.swift; path = GFEmptyStateView.swift; sourceTree = "<group>"; };
		4F5580952B533C5D007F1738 /* UserInfoVC.swift */ = {isa = PBXFileReference; lastKnownFileType = sourcecode.swift; path = UserInfoVC.swift; sourceTree = "<group>"; };
		4F5580972B545B62007F1738 /* GFError.swift */ = {isa = PBXFileReference; lastKnownFileType = sourcecode.swift; path = GFError.swift; sourceTree = "<group>"; };
		4F5580992B545EFB007F1738 /* GFUserInfoHeaderVC.swift */ = {isa = PBXFileReference; lastKnownFileType = sourcecode.swift; path = GFUserInfoHeaderVC.swift; sourceTree = "<group>"; };
		4F55809B2B545F5E007F1738 /* GFSecondaryTitleLabel.swift */ = {isa = PBXFileReference; lastKnownFileType = sourcecode.swift; path = GFSecondaryTitleLabel.swift; sourceTree = "<group>"; };
		4F55809D2B547115007F1738 /* Constants.swift */ = {isa = PBXFileReference; lastKnownFileType = sourcecode.swift; path = Constants.swift; sourceTree = "<group>"; };
		4F55809F2B5480E3007F1738 /* GFItemInfoView.swift */ = {isa = PBXFileReference; lastKnownFileType = sourcecode.swift; path = GFItemInfoView.swift; sourceTree = "<group>"; };
/* End PBXFileReference section */

/* Begin PBXFrameworksBuildPhase section */
		4F5580492B45614B007F1738 /* Frameworks */ = {
			isa = PBXFrameworksBuildPhase;
			buildActionMask = 2147483647;
			files = (
			);
			runOnlyForDeploymentPostprocessing = 0;
		};
/* End PBXFrameworksBuildPhase section */

/* Begin PBXGroup section */
		4F5580432B45614B007F1738 = {
			isa = PBXGroup;
			children = (
				4F55804E2B45614B007F1738 /* GHFollowers */,
				4F55804D2B45614B007F1738 /* Products */,
			);
			sourceTree = "<group>";
		};
		4F55804D2B45614B007F1738 /* Products */ = {
			isa = PBXGroup;
			children = (
				4F55804C2B45614B007F1738 /* GHFollowers.app */,
			);
			name = Products;
			sourceTree = "<group>";
		};
		4F55804E2B45614B007F1738 /* GHFollowers */ = {
			isa = PBXGroup;
			children = (
				4F5580832B50C445007F1738 /* Utilities */,
				4F5580822B4FEB14007F1738 /* Managers */,
				4F55807B2B4F79CE007F1738 /* Model */,
				4F55807A2B4F74D9007F1738 /* Support */,
				4F55805D2B45614D007F1738 /* Info.plist */,
				4F5580792B4F7484007F1738 /* Extensions */,
				4F5580782B4F7425007F1738 /* Custom Views */,
				4F5580772B4F7317007F1738 /* Screens */,
			);
			path = GHFollowers;
			sourceTree = "<group>";
		};
		4F5580772B4F7317007F1738 /* Screens */ = {
			isa = PBXGroup;
			children = (
				4F5580652B46C62B007F1738 /* SearchVC.swift */,
				4F5580672B46C66E007F1738 /* FavoriteListVC.swift */,
				4F55806D2B4EAAC2007F1738 /* FollowerListVC.swift */,
				4F5580952B533C5D007F1738 /* UserInfoVC.swift */,
			);
			path = Screens;
			sourceTree = "<group>";
		};
		4F5580782B4F7425007F1738 /* Custom Views */ = {
			isa = PBXGroup;
			children = (
				4F5580922B532640007F1738 /* Labels */,
				4F5580912B53262B007F1738 /* ViewControllers */,
				4F5580902B532624007F1738 /* ImageViews */,
				4F55808F2B53261B007F1738 /* TextFields */,
				4F55808E2B532616007F1738 /* Buttons */,
				4F55808D2B532610007F1738 /* Views */,
				4F5580862B50D2B5007F1738 /* Cells */,
			);
			path = "Custom Views";
			sourceTree = "<group>";
		};
		4F5580792B4F7484007F1738 /* Extensions */ = {
			isa = PBXGroup;
			children = (
				4F5580752B4F5329007F1738 /* UIViewController+Ext.swift */,
			);
			path = Extensions;
			sourceTree = "<group>";
		};
		4F55807A2B4F74D9007F1738 /* Support */ = {
			isa = PBXGroup;
			children = (
				4F55804F2B45614B007F1738 /* AppDelegate.swift */,
				4F5580512B45614B007F1738 /* SceneDelegate.swift */,
				4F5580582B45614D007F1738 /* Assets.xcassets */,
				4F55805A2B45614D007F1738 /* LaunchScreen.storyboard */,
			);
			path = Support;
			sourceTree = "<group>";
		};
		4F55807B2B4F79CE007F1738 /* Model */ = {
			isa = PBXGroup;
			children = (
				4F55807C2B4F7A10007F1738 /* Follower.swift */,
				4F55807E2B4F7BB3007F1738 /* User.swift */,
			);
			path = Model;
			sourceTree = "<group>";
		};
		4F5580822B4FEB14007F1738 /* Managers */ = {
			isa = PBXGroup;
			children = (
				4F5580802B4FEB0C007F1738 /* NetworkManager.swift */,
			);
			path = Managers;
			sourceTree = "<group>";
		};
		4F5580832B50C445007F1738 /* Utilities */ = {
			isa = PBXGroup;
			children = (
				4F55808B2B52CD9A007F1738 /* UIHelper.swift */,
				4F5580972B545B62007F1738 /* GFError.swift */,
				4F55809D2B547115007F1738 /* Constants.swift */,
			);
			path = Utilities;
			sourceTree = "<group>";
		};
		4F5580862B50D2B5007F1738 /* Cells */ = {
			isa = PBXGroup;
			children = (
				4F5580872B50D2DC007F1738 /* FollowerCell.swift */,
			);
			path = Cells;
			sourceTree = "<group>";
		};
		4F55808D2B532610007F1738 /* Views */ = {
			isa = PBXGroup;
			children = (
				4F5580932B5326A5007F1738 /* GFEmptyStateView.swift */,
				4F55809F2B5480E3007F1738 /* GFItemInfoView.swift */,
			);
			path = Views;
			sourceTree = "<group>";
		};
		4F55808E2B532616007F1738 /* Buttons */ = {
			isa = PBXGroup;
			children = (
				4F5580692B48180D007F1738 /* GFButton.swift */,
			);
			path = Buttons;
			sourceTree = "<group>";
		};
		4F55808F2B53261B007F1738 /* TextFields */ = {
			isa = PBXGroup;
			children = (
				4F55806B2B4D4D77007F1738 /* GFTextField.swift */,
			);
			path = TextFields;
			sourceTree = "<group>";
		};
		4F5580902B532624007F1738 /* ImageViews */ = {
			isa = PBXGroup;
			children = (
				4F5580892B50D380007F1738 /* GFAvatarImageView.swift */,
			);
			path = ImageViews;
			sourceTree = "<group>";
		};
		4F5580912B53262B007F1738 /* ViewControllers */ = {
			isa = PBXGroup;
			children = (
				4F5580732B4F4D0A007F1738 /* GFAlertVC.swift */,
				4F5580992B545EFB007F1738 /* GFUserInfoHeaderVC.swift */,
			);
			path = ViewControllers;
			sourceTree = "<group>";
		};
		4F5580922B532640007F1738 /* Labels */ = {
			isa = PBXGroup;
			children = (
				4F5580712B4F4C40007F1738 /* GFBodyLabel.swift */,
				4F55806F2B4F4A72007F1738 /* GFTitleLabel.swift */,
				4F55809B2B545F5E007F1738 /* GFSecondaryTitleLabel.swift */,
			);
			path = Labels;
			sourceTree = "<group>";
		};
/* End PBXGroup section */

/* Begin PBXNativeTarget section */
		4F55804B2B45614B007F1738 /* GHFollowers */ = {
			isa = PBXNativeTarget;
			buildConfigurationList = 4F5580602B45614D007F1738 /* Build configuration list for PBXNativeTarget "GHFollowers" */;
			buildPhases = (
				4F5580482B45614B007F1738 /* Sources */,
				4F5580492B45614B007F1738 /* Frameworks */,
				4F55804A2B45614B007F1738 /* Resources */,
			);
			buildRules = (
			);
			dependencies = (
			);
			name = GHFollowers;
			productName = GHFollowers;
			productReference = 4F55804C2B45614B007F1738 /* GHFollowers.app */;
			productType = "com.apple.product-type.application";
		};
/* End PBXNativeTarget section */

/* Begin PBXProject section */
		4F5580442B45614B007F1738 /* Project object */ = {
			isa = PBXProject;
			attributes = {
				BuildIndependentTargetsInParallel = 1;
				LastSwiftUpdateCheck = 1430;
				LastUpgradeCheck = 1430;
				TargetAttributes = {
					4F55804B2B45614B007F1738 = {
						CreatedOnToolsVersion = 14.3;
					};
				};
			};
			buildConfigurationList = 4F5580472B45614B007F1738 /* Build configuration list for PBXProject "GHFollowers" */;
			compatibilityVersion = "Xcode 14.0";
			developmentRegion = en;
			hasScannedForEncodings = 0;
			knownRegions = (
				en,
				Base,
			);
			mainGroup = 4F5580432B45614B007F1738;
			productRefGroup = 4F55804D2B45614B007F1738 /* Products */;
			projectDirPath = "";
			projectRoot = "";
			targets = (
				4F55804B2B45614B007F1738 /* GHFollowers */,
			);
		};
/* End PBXProject section */

/* Begin PBXResourcesBuildPhase section */
		4F55804A2B45614B007F1738 /* Resources */ = {
			isa = PBXResourcesBuildPhase;
			buildActionMask = 2147483647;
			files = (
				4F55805C2B45614D007F1738 /* LaunchScreen.storyboard in Resources */,
				4F5580592B45614D007F1738 /* Assets.xcassets in Resources */,
			);
			runOnlyForDeploymentPostprocessing = 0;
		};
/* End PBXResourcesBuildPhase section */

/* Begin PBXSourcesBuildPhase section */
		4F5580482B45614B007F1738 /* Sources */ = {
			isa = PBXSourcesBuildPhase;
			buildActionMask = 2147483647;
			files = (
				4F55807F2B4F7BB3007F1738 /* User.swift in Sources */,
				4F55806C2B4D4D77007F1738 /* GFTextField.swift in Sources */,
				4F5580682B46C66E007F1738 /* FavoriteListVC.swift in Sources */,
				4F55806A2B48180D007F1738 /* GFButton.swift in Sources */,
				4F5580762B4F5329007F1738 /* UIViewController+Ext.swift in Sources */,
				4F55808C2B52CD9A007F1738 /* UIHelper.swift in Sources */,
				4F55809E2B547115007F1738 /* Constants.swift in Sources */,
				4F55808A2B50D380007F1738 /* GFAvatarImageView.swift in Sources */,
				4F5580662B46C62B007F1738 /* SearchVC.swift in Sources */,
				4F5580742B4F4D0A007F1738 /* GFAlertVC.swift in Sources */,
				4F5580A02B5480E3007F1738 /* GFItemInfoView.swift in Sources */,
				4F5580882B50D2DC007F1738 /* FollowerCell.swift in Sources */,
				4F5580722B4F4C40007F1738 /* GFBodyLabel.swift in Sources */,
				4F55809A2B545EFB007F1738 /* GFUserInfoHeaderVC.swift in Sources */,
				4F5580982B545B62007F1738 /* GFError.swift in Sources */,
				4F55807D2B4F7A10007F1738 /* Follower.swift in Sources */,
				4F5580702B4F4A72007F1738 /* GFTitleLabel.swift in Sources */,
				4F55809C2B545F5E007F1738 /* GFSecondaryTitleLabel.swift in Sources */,
				4F5580942B5326A5007F1738 /* GFEmptyStateView.swift in Sources */,
				4F5580812B4FEB0C007F1738 /* NetworkManager.swift in Sources */,
				4F55806E2B4EAAC2007F1738 /* FollowerListVC.swift in Sources */,
				4F5580502B45614B007F1738 /* AppDelegate.swift in Sources */,
				4F5580522B45614B007F1738 /* SceneDelegate.swift in Sources */,
				4F5580962B533C5D007F1738 /* UserInfoVC.swift in Sources */,
			);
			runOnlyForDeploymentPostprocessing = 0;
		};
/* End PBXSourcesBuildPhase section */

/* Begin PBXVariantGroup section */
		4F55805A2B45614D007F1738 /* LaunchScreen.storyboard */ = {
			isa = PBXVariantGroup;
			children = (
				4F55805B2B45614D007F1738 /* Base */,
			);
			name = LaunchScreen.storyboard;
			sourceTree = "<group>";
		};
/* End PBXVariantGroup section */

/* Begin XCBuildConfiguration section */
		4F55805E2B45614D007F1738 /* Debug */ = {
			isa = XCBuildConfiguration;
			buildSettings = {
				ALWAYS_SEARCH_USER_PATHS = NO;
				CLANG_ANALYZER_NONNULL = YES;
				CLANG_ANALYZER_NUMBER_OBJECT_CONVERSION = YES_AGGRESSIVE;
				CLANG_CXX_LANGUAGE_STANDARD = "gnu++20";
				CLANG_ENABLE_MODULES = YES;
				CLANG_ENABLE_OBJC_ARC = YES;
				CLANG_ENABLE_OBJC_WEAK = YES;
				CLANG_WARN_BLOCK_CAPTURE_AUTORELEASING = YES;
				CLANG_WARN_BOOL_CONVERSION = YES;
				CLANG_WARN_COMMA = YES;
				CLANG_WARN_CONSTANT_CONVERSION = YES;
				CLANG_WARN_DEPRECATED_OBJC_IMPLEMENTATIONS = YES;
				CLANG_WARN_DIRECT_OBJC_ISA_USAGE = YES_ERROR;
				CLANG_WARN_DOCUMENTATION_COMMENTS = YES;
				CLANG_WARN_EMPTY_BODY = YES;
				CLANG_WARN_ENUM_CONVERSION = YES;
				CLANG_WARN_INFINITE_RECURSION = YES;
				CLANG_WARN_INT_CONVERSION = YES;
				CLANG_WARN_NON_LITERAL_NULL_CONVERSION = YES;
				CLANG_WARN_OBJC_IMPLICIT_RETAIN_SELF = YES;
				CLANG_WARN_OBJC_LITERAL_CONVERSION = YES;
				CLANG_WARN_OBJC_ROOT_CLASS = YES_ERROR;
				CLANG_WARN_QUOTED_INCLUDE_IN_FRAMEWORK_HEADER = YES;
				CLANG_WARN_RANGE_LOOP_ANALYSIS = YES;
				CLANG_WARN_STRICT_PROTOTYPES = YES;
				CLANG_WARN_SUSPICIOUS_MOVE = YES;
				CLANG_WARN_UNGUARDED_AVAILABILITY = YES_AGGRESSIVE;
				CLANG_WARN_UNREACHABLE_CODE = YES;
				CLANG_WARN__DUPLICATE_METHOD_MATCH = YES;
				COPY_PHASE_STRIP = NO;
				DEBUG_INFORMATION_FORMAT = dwarf;
				ENABLE_STRICT_OBJC_MSGSEND = YES;
				ENABLE_TESTABILITY = YES;
				GCC_C_LANGUAGE_STANDARD = gnu11;
				GCC_DYNAMIC_NO_PIC = NO;
				GCC_NO_COMMON_BLOCKS = YES;
				GCC_OPTIMIZATION_LEVEL = 0;
				GCC_PREPROCESSOR_DEFINITIONS = (
					"DEBUG=1",
					"$(inherited)",
				);
				GCC_WARN_64_TO_32_BIT_CONVERSION = YES;
				GCC_WARN_ABOUT_RETURN_TYPE = YES_ERROR;
				GCC_WARN_UNDECLARED_SELECTOR = YES;
				GCC_WARN_UNINITIALIZED_AUTOS = YES_AGGRESSIVE;
				GCC_WARN_UNUSED_FUNCTION = YES;
				GCC_WARN_UNUSED_VARIABLE = YES;
				IPHONEOS_DEPLOYMENT_TARGET = 16.4;
				MTL_ENABLE_DEBUG_INFO = INCLUDE_SOURCE;
				MTL_FAST_MATH = YES;
				ONLY_ACTIVE_ARCH = YES;
				SDKROOT = iphoneos;
				SWIFT_ACTIVE_COMPILATION_CONDITIONS = DEBUG;
				SWIFT_OPTIMIZATION_LEVEL = "-Onone";
			};
			name = Debug;
		};
		4F55805F2B45614D007F1738 /* Release */ = {
			isa = XCBuildConfiguration;
			buildSettings = {
				ALWAYS_SEARCH_USER_PATHS = NO;
				CLANG_ANALYZER_NONNULL = YES;
				CLANG_ANALYZER_NUMBER_OBJECT_CONVERSION = YES_AGGRESSIVE;
				CLANG_CXX_LANGUAGE_STANDARD = "gnu++20";
				CLANG_ENABLE_MODULES = YES;
				CLANG_ENABLE_OBJC_ARC = YES;
				CLANG_ENABLE_OBJC_WEAK = YES;
				CLANG_WARN_BLOCK_CAPTURE_AUTORELEASING = YES;
				CLANG_WARN_BOOL_CONVERSION = YES;
				CLANG_WARN_COMMA = YES;
				CLANG_WARN_CONSTANT_CONVERSION = YES;
				CLANG_WARN_DEPRECATED_OBJC_IMPLEMENTATIONS = YES;
				CLANG_WARN_DIRECT_OBJC_ISA_USAGE = YES_ERROR;
				CLANG_WARN_DOCUMENTATION_COMMENTS = YES;
				CLANG_WARN_EMPTY_BODY = YES;
				CLANG_WARN_ENUM_CONVERSION = YES;
				CLANG_WARN_INFINITE_RECURSION = YES;
				CLANG_WARN_INT_CONVERSION = YES;
				CLANG_WARN_NON_LITERAL_NULL_CONVERSION = YES;
				CLANG_WARN_OBJC_IMPLICIT_RETAIN_SELF = YES;
				CLANG_WARN_OBJC_LITERAL_CONVERSION = YES;
				CLANG_WARN_OBJC_ROOT_CLASS = YES_ERROR;
				CLANG_WARN_QUOTED_INCLUDE_IN_FRAMEWORK_HEADER = YES;
				CLANG_WARN_RANGE_LOOP_ANALYSIS = YES;
				CLANG_WARN_STRICT_PROTOTYPES = YES;
				CLANG_WARN_SUSPICIOUS_MOVE = YES;
				CLANG_WARN_UNGUARDED_AVAILABILITY = YES_AGGRESSIVE;
				CLANG_WARN_UNREACHABLE_CODE = YES;
				CLANG_WARN__DUPLICATE_METHOD_MATCH = YES;
				COPY_PHASE_STRIP = NO;
				DEBUG_INFORMATION_FORMAT = "dwarf-with-dsym";
				ENABLE_NS_ASSERTIONS = NO;
				ENABLE_STRICT_OBJC_MSGSEND = YES;
				GCC_C_LANGUAGE_STANDARD = gnu11;
				GCC_NO_COMMON_BLOCKS = YES;
				GCC_WARN_64_TO_32_BIT_CONVERSION = YES;
				GCC_WARN_ABOUT_RETURN_TYPE = YES_ERROR;
				GCC_WARN_UNDECLARED_SELECTOR = YES;
				GCC_WARN_UNINITIALIZED_AUTOS = YES_AGGRESSIVE;
				GCC_WARN_UNUSED_FUNCTION = YES;
				GCC_WARN_UNUSED_VARIABLE = YES;
				IPHONEOS_DEPLOYMENT_TARGET = 16.4;
				MTL_ENABLE_DEBUG_INFO = NO;
				MTL_FAST_MATH = YES;
				SDKROOT = iphoneos;
				SWIFT_COMPILATION_MODE = wholemodule;
				SWIFT_OPTIMIZATION_LEVEL = "-O";
				VALIDATE_PRODUCT = YES;
			};
			name = Release;
		};
		4F5580612B45614D007F1738 /* Debug */ = {
			isa = XCBuildConfiguration;
			buildSettings = {
				ASSETCATALOG_COMPILER_APPICON_NAME = AppIcon;
				ASSETCATALOG_COMPILER_GLOBAL_ACCENT_COLOR_NAME = AccentColor;
				CODE_SIGN_STYLE = Automatic;
				CURRENT_PROJECT_VERSION = 1;
				DEVELOPMENT_TEAM = G7PN29D3K8;
				GENERATE_INFOPLIST_FILE = YES;
				INFOPLIST_FILE = GHFollowers/Info.plist;
				INFOPLIST_KEY_UIApplicationSupportsIndirectInputEvents = YES;
				INFOPLIST_KEY_UILaunchStoryboardName = LaunchScreen;
				INFOPLIST_KEY_UISupportedInterfaceOrientations = UIInterfaceOrientationPortrait;
				LD_RUNPATH_SEARCH_PATHS = (
					"$(inherited)",
					"@executable_path/Frameworks",
				);
				MARKETING_VERSION = 1.0;
				PRODUCT_BUNDLE_IDENTIFIER = com.vinidalla.GHFollowers;
				PRODUCT_NAME = "$(TARGET_NAME)";
				SUPPORTED_PLATFORMS = "iphoneos iphonesimulator";
				SUPPORTS_MACCATALYST = NO;
				SUPPORTS_MAC_DESIGNED_FOR_IPHONE_IPAD = YES;
				SWIFT_EMIT_LOC_STRINGS = YES;
				SWIFT_VERSION = 5.0;
				TARGETED_DEVICE_FAMILY = 1;
			};
			name = Debug;
		};
		4F5580622B45614D007F1738 /* Release */ = {
			isa = XCBuildConfiguration;
			buildSettings = {
				ASSETCATALOG_COMPILER_APPICON_NAME = AppIcon;
				ASSETCATALOG_COMPILER_GLOBAL_ACCENT_COLOR_NAME = AccentColor;
				CODE_SIGN_STYLE = Automatic;
				CURRENT_PROJECT_VERSION = 1;
				DEVELOPMENT_TEAM = G7PN29D3K8;
				GENERATE_INFOPLIST_FILE = YES;
				INFOPLIST_FILE = GHFollowers/Info.plist;
				INFOPLIST_KEY_UIApplicationSupportsIndirectInputEvents = YES;
				INFOPLIST_KEY_UILaunchStoryboardName = LaunchScreen;
				INFOPLIST_KEY_UISupportedInterfaceOrientations = UIInterfaceOrientationPortrait;
				LD_RUNPATH_SEARCH_PATHS = (
					"$(inherited)",
					"@executable_path/Frameworks",
				);
				MARKETING_VERSION = 1.0;
				PRODUCT_BUNDLE_IDENTIFIER = com.vinidalla.GHFollowers;
				PRODUCT_NAME = "$(TARGET_NAME)";
				SUPPORTED_PLATFORMS = "iphoneos iphonesimulator";
				SUPPORTS_MACCATALYST = NO;
				SUPPORTS_MAC_DESIGNED_FOR_IPHONE_IPAD = YES;
				SWIFT_EMIT_LOC_STRINGS = YES;
				SWIFT_VERSION = 5.0;
				TARGETED_DEVICE_FAMILY = 1;
			};
			name = Release;
		};
/* End XCBuildConfiguration section */

/* Begin XCConfigurationList section */
		4F5580472B45614B007F1738 /* Build configuration list for PBXProject "GHFollowers" */ = {
			isa = XCConfigurationList;
			buildConfigurations = (
				4F55805E2B45614D007F1738 /* Debug */,
				4F55805F2B45614D007F1738 /* Release */,
			);
			defaultConfigurationIsVisible = 0;
			defaultConfigurationName = Release;
		};
		4F5580602B45614D007F1738 /* Build configuration list for PBXNativeTarget "GHFollowers" */ = {
			isa = XCConfigurationList;
			buildConfigurations = (
				4F5580612B45614D007F1738 /* Debug */,
				4F5580622B45614D007F1738 /* Release */,
			);
			defaultConfigurationIsVisible = 0;
			defaultConfigurationName = Release;
		};
/* End XCConfigurationList section */
	};
	rootObject = 4F5580442B45614B007F1738 /* Project object */;
}
